
Microsoft Visual Studio Solution File, Format Version 12.00
# Visual Studio Version 17
VisualStudioVersion = 17.8.34511.84
MinimumVisualStudioVersion = 10.0.40219.1
Project("{2150E333-8FDC-42A3-9474-1A3956D46DE8}") = "src", "src", "{B43BDD8A-840B-4ABA-B5AD-704ACBFEBDDF}"
EndProject
Project("{9A19103F-16F7-4668-BE54-9A1E7A4F7556}") = "HostedService", "src\HostedService\HostedService.csproj", "{A224AB74-3752-49B4-AB0C-5949AABB335B}"
EndProject
Project("{FAE04EC0-301F-11D3-BF4B-00C04F79EFBC}") = "HostedService.Lib", "src\HostedService.Lib\HostedService.Lib.csproj", "{354BD76B-4076-4F09-A831-7582DA5815DA}"
EndProject
Global
	GlobalSection(SolutionConfigurationPlatforms) = preSolution
		Debug|Any CPU = Debug|Any CPU
		Release|Any CPU = Release|Any CPU
	EndGlobalSection
	GlobalSection(ProjectConfigurationPlatforms) = postSolution
		{A224AB74-3752-49B4-AB0C-5949AABB335B}.Debug|Any CPU.ActiveCfg = Debug|Any CPU
		{A224AB74-3752-49B4-AB0C-5949AABB335B}.Debug|Any CPU.Build.0 = Debug|Any CPU
		{A224AB74-3752-49B4-AB0C-5949AABB335B}.Release|Any CPU.ActiveCfg = Release|Any CPU
		{A224AB74-3752-49B4-AB0C-5949AABB335B}.Release|Any CPU.Build.0 = Release|Any CPU
		{354BD76B-4076-4F09-A831-7582DA5815DA}.Debug|Any CPU.ActiveCfg = Debug|Any CPU
		{354BD76B-4076-4F09-A831-7582DA5815DA}.Debug|Any CPU.Build.0 = Debug|Any CPU
		{354BD76B-4076-4F09-A831-7582DA5815DA}.Release|Any CPU.ActiveCfg = Release|Any CPU
		{354BD76B-4076-4F09-A831-7582DA5815DA}.Release|Any CPU.Build.0 = Release|Any CPU
	EndGlobalSection
	GlobalSection(SolutionProperties) = preSolution
		HideSolutionNode = FALSE
	EndGlobalSection
	GlobalSection(NestedProjects) = preSolution
		{A224AB74-3752-49B4-AB0C-5949AABB335B} = {B43BDD8A-840B-4ABA-B5AD-704ACBFEBDDF}
		{354BD76B-4076-4F09-A831-7582DA5815DA} = {B43BDD8A-840B-4ABA-B5AD-704ACBFEBDDF}
	EndGlobalSection
	GlobalSection(ExtensibilityGlobals) = postSolution
		SolutionGuid = {42B83D77-7932-4BBA-8878-946B98076266}
	EndGlobalSection
EndGlobal
